
Microsoft Visual Studio Solution File, Format Version 12.00
# Visual Studio Version 17
VisualStudioVersion = 17.11.35222.181
MinimumVisualStudioVersion = 10.0.40219.1
Project("{FAE04EC0-301F-11D3-BF4B-00C04F79EFBC}") = "BookAPI.EntityLayer", "BookAPI.EntityLayer\BookAPI.EntityLayer.csproj", "{A27EFD2D-761E-4B72-A7C5-E42DB8819653}"
EndProject
Project("{FAE04EC0-301F-11D3-BF4B-00C04F79EFBC}") = "BookAPI.DataAccessLayer", "BookAPI.DataAccessLayer\BookAPI.DataAccessLayer.csproj", "{900E95F3-4330-4E78-B613-6AF47F8FB978}"
EndProject
Project("{FAE04EC0-301F-11D3-BF4B-00C04F79EFBC}") = "BookAPI.BusinessLayer", "BookAPI.BusinessLayer\BookAPI.BusinessLayer.csproj", "{344B173D-8D05-435C-AF73-2642E30E4CA3}"
EndProject
Project("{FAE04EC0-301F-11D3-BF4B-00C04F79EFBC}") = "BookAPI.WebAPI", "BookAPI.WebAPI\BookAPI.WebAPI.csproj", "{596769CB-3B88-4B95-A394-0886F6DD22D3}"
EndProject
Project("{FAE04EC0-301F-11D3-BF4B-00C04F79EFBC}") = "BookAPI.WebUI", "BookAPI.WebUI\BookAPI.WebUI.csproj", "{0D050F62-17BE-40A7-86F1-CE36BC12380B}"
EndProject
Global
	GlobalSection(SolutionConfigurationPlatforms) = preSolution
		Debug|Any CPU = Debug|Any CPU
		Release|Any CPU = Release|Any CPU
	EndGlobalSection
	GlobalSection(ProjectConfigurationPlatforms) = postSolution
		{A27EFD2D-761E-4B72-A7C5-E42DB8819653}.Debug|Any CPU.ActiveCfg = Debug|Any CPU
		{A27EFD2D-761E-4B72-A7C5-E42DB8819653}.Debug|Any CPU.Build.0 = Debug|Any CPU
		{A27EFD2D-761E-4B72-A7C5-E42DB8819653}.Release|Any CPU.ActiveCfg = Release|Any CPU
		{A27EFD2D-761E-4B72-A7C5-E42DB8819653}.Release|Any CPU.Build.0 = Release|Any CPU
		{900E95F3-4330-4E78-B613-6AF47F8FB978}.Debug|Any CPU.ActiveCfg = Debug|Any CPU
		{900E95F3-4330-4E78-B613-6AF47F8FB978}.Debug|Any CPU.Build.0 = Debug|Any CPU
		{900E95F3-4330-4E78-B613-6AF47F8FB978}.Release|Any CPU.ActiveCfg = Release|Any CPU
		{900E95F3-4330-4E78-B613-6AF47F8FB978}.Release|Any CPU.Build.0 = Release|Any CPU
		{344B173D-8D05-435C-AF73-2642E30E4CA3}.Debug|Any CPU.ActiveCfg = Debug|Any CPU
		{344B173D-8D05-435C-AF73-2642E30E4CA3}.Debug|Any CPU.Build.0 = Debug|Any CPU
		{344B173D-8D05-435C-AF73-2642E30E4CA3}.Release|Any CPU.ActiveCfg = Release|Any CPU
		{344B173D-8D05-435C-AF73-2642E30E4CA3}.Release|Any CPU.Build.0 = Release|Any CPU
		{596769CB-3B88-4B95-A394-0886F6DD22D3}.Debug|Any CPU.ActiveCfg = Debug|Any CPU
		{596769CB-3B88-4B95-A394-0886F6DD22D3}.Debug|Any CPU.Build.0 = Debug|Any CPU
		{596769CB-3B88-4B95-A394-0886F6DD22D3}.Release|Any CPU.ActiveCfg = Release|Any CPU
		{596769CB-3B88-4B95-A394-0886F6DD22D3}.Release|Any CPU.Build.0 = Release|Any CPU
		{0D050F62-17BE-40A7-86F1-CE36BC12380B}.Debug|Any CPU.ActiveCfg = Debug|Any CPU
		{0D050F62-17BE-40A7-86F1-CE36BC12380B}.Debug|Any CPU.Build.0 = Debug|Any CPU
		{0D050F62-17BE-40A7-86F1-CE36BC12380B}.Release|Any CPU.ActiveCfg = Release|Any CPU
		{0D050F62-17BE-40A7-86F1-CE36BC12380B}.Release|Any CPU.Build.0 = Release|Any CPU
	EndGlobalSection
	GlobalSection(SolutionProperties) = preSolution
		HideSolutionNode = FALSE
	EndGlobalSection
	GlobalSection(ExtensibilityGlobals) = postSolution
		SolutionGuid = {F3D29C1B-B8F9-4E81-91E4-509E6CC56B50}
	EndGlobalSection
EndGlobal
